
Microsoft Visual Studio Solution File, Format Version 12.00
# Visual Studio Version 17
VisualStudioVersion = 17.7.34221.43
MinimumVisualStudioVersion = 10.0.40219.1
Project("{FAE04EC0-301F-11D3-BF4B-00C04F79EFBC}") = "ComputerClub", "ComputerClub.csproj", "{1EC218AF-7166-435A-8B37-1BDBDE3B4CDB}"
EndProject
Global
	GlobalSection(SolutionConfigurationPlatforms) = preSolution
		Debug|Any CPU = Debug|Any CPU
		Release|Any CPU = Release|Any CPU
	EndGlobalSection
	GlobalSection(ProjectConfigurationPlatforms) = postSolution
		{1EC218AF-7166-435A-8B37-1BDBDE3B4CDB}.Debug|Any CPU.ActiveCfg = Debug|Any CPU
		{1EC218AF-7166-435A-8B37-1BDBDE3B4CDB}.Debug|Any CPU.Build.0 = Debug|Any CPU
		{1EC218AF-7166-435A-8B37-1BDBDE3B4CDB}.Release|Any CPU.ActiveCfg = Release|Any CPU
		{1EC218AF-7166-435A-8B37-1BDBDE3B4CDB}.Release|Any CPU.Build.0 = Release|Any CPU
	EndGlobalSection
	GlobalSection(SolutionProperties) = preSolution
		HideSolutionNode = FALSE
	EndGlobalSection
	GlobalSection(ExtensibilityGlobals) = postSolution
		SolutionGuid = {DC528251-B967-4380-935D-E03364044091}
	EndGlobalSection
EndGlobal
